// !$*UTF8*$!
{
	archiveVersion = 1;
	classes = {
	};
	objectVersion = 56;
	objects = {

/* Begin PBXBuildFile section */
		60E78A7D294342F800655884 /* KeypediaApp.swift in Sources */ = {isa = PBXBuildFile; fileRef = 60E78A7C294342F800655884 /* KeypediaApp.swift */; };
		60E78A7F294342F800655884 /* ContentView.swift in Sources */ = {isa = PBXBuildFile; fileRef = 60E78A7E294342F800655884 /* ContentView.swift */; };
		60E78A81294342F900655884 /* Assets.xcassets in Resources */ = {isa = PBXBuildFile; fileRef = 60E78A80294342F900655884 /* Assets.xcassets */; };
		60E78A85294342F900655884 /* Preview Assets.xcassets in Resources */ = {isa = PBXBuildFile; fileRef = 60E78A84294342F900655884 /* Preview Assets.xcassets */; };
		60E78A8F294342F900655884 /* KeypediaTests.swift in Sources */ = {isa = PBXBuildFile; fileRef = 60E78A8E294342F900655884 /* KeypediaTests.swift */; };
		60E78A99294342F900655884 /* KeypediaUITests.swift in Sources */ = {isa = PBXBuildFile; fileRef = 60E78A98294342F900655884 /* KeypediaUITests.swift */; };
		60E78A9B294342F900655884 /* KeypediaUITestsLaunchTests.swift in Sources */ = {isa = PBXBuildFile; fileRef = 60E78A9A294342F900655884 /* KeypediaUITestsLaunchTests.swift */; };
/* End PBXBuildFile section */

/* Begin PBXContainerItemProxy section */
		60E78A8B294342F900655884 /* PBXContainerItemProxy */ = {
			isa = PBXContainerItemProxy;
			containerPortal = 60E78A71294342F800655884 /* Project object */;
			proxyType = 1;
			remoteGlobalIDString = 60E78A78294342F800655884;
			remoteInfo = Keypedia;
		};
		60E78A95294342F900655884 /* PBXContainerItemProxy */ = {
			isa = PBXContainerItemProxy;
			containerPortal = 60E78A71294342F800655884 /* Project object */;
			proxyType = 1;
			remoteGlobalIDString = 60E78A78294342F800655884;
			remoteInfo = Keypedia;
		};
/* End PBXContainerItemProxy section */

/* Begin PBXFileReference section */
		60E78A79294342F800655884 /* Keypedia.app */ = {isa = PBXFileReference; explicitFileType = wrapper.application; includeInIndex = 0; path = Keypedia.app; sourceTree = BUILT_PRODUCTS_DIR; };
		60E78A7C294342F800655884 /* KeypediaApp.swift */ = {isa = PBXFileReference; lastKnownFileType = sourcecode.swift; path = KeypediaApp.swift; sourceTree = "<group>"; };
		60E78A7E294342F800655884 /* ContentView.swift */ = {isa = PBXFileReference; lastKnownFileType = sourcecode.swift; path = ContentView.swift; sourceTree = "<group>"; };
		60E78A80294342F900655884 /* Assets.xcassets */ = {isa = PBXFileReference; lastKnownFileType = folder.assetcatalog; path = Assets.xcassets; sourceTree = "<group>"; };
		60E78A82294342F900655884 /* Keypedia.entitlements */ = {isa = PBXFileReference; lastKnownFileType = text.plist.entitlements; path = Keypedia.entitlements; sourceTree = "<group>"; };
		60E78A84294342F900655884 /* Preview Assets.xcassets */ = {isa = PBXFileReference; lastKnownFileType = folder.assetcatalog; path = "Preview Assets.xcassets"; sourceTree = "<group>"; };
		60E78A8A294342F900655884 /* KeypediaTests.xctest */ = {isa = PBXFileReference; explicitFileType = wrapper.cfbundle; includeInIndex = 0; path = KeypediaTests.xctest; sourceTree = BUILT_PRODUCTS_DIR; };
		60E78A8E294342F900655884 /* KeypediaTests.swift */ = {isa = PBXFileReference; lastKnownFileType = sourcecode.swift; path = KeypediaTests.swift; sourceTree = "<group>"; };
		60E78A94294342F900655884 /* KeypediaUITests.xctest */ = {isa = PBXFileReference; explicitFileType = wrapper.cfbundle; includeInIndex = 0; path = KeypediaUITests.xctest; sourceTree = BUILT_PRODUCTS_DIR; };
		60E78A98294342F900655884 /* KeypediaUITests.swift */ = {isa = PBXFileReference; lastKnownFileType = sourcecode.swift; path = KeypediaUITests.swift; sourceTree = "<group>"; };
		60E78A9A294342F900655884 /* KeypediaUITestsLaunchTests.swift */ = {isa = PBXFileReference; lastKnownFileType = sourcecode.swift; path = KeypediaUITestsLaunchTests.swift; sourceTree = "<group>"; };
/* End PBXFileReference section */

/* Begin PBXFrameworksBuildPhase section */
		60E78A76294342F800655884 /* Frameworks */ = {
			isa = PBXFrameworksBuildPhase;
			buildActionMask = 2147483647;
			files = (
			);
			runOnlyForDeploymentPostprocessing = 0;
		};
		60E78A87294342F900655884 /* Frameworks */ = {
			isa = PBXFrameworksBuildPhase;
			buildActionMask = 2147483647;
			files = (
			);
			runOnlyForDeploymentPostprocessing = 0;
		};
		60E78A91294342F900655884 /* Frameworks */ = {
			isa = PBXFrameworksBuildPhase;
			buildActionMask = 2147483647;
			files = (
			);
			runOnlyForDeploymentPostprocessing = 0;
		};
/* End PBXFrameworksBuildPhase section */

/* Begin PBXGroup section */
		60E78A70294342F800655884 = {
			isa = PBXGroup;
			children = (
				60E78A7B294342F800655884 /* Keypedia */,
				60E78A8D294342F900655884 /* KeypediaTests */,
				60E78A97294342F900655884 /* KeypediaUITests */,
				60E78A7A294342F800655884 /* Products */,
			);
			sourceTree = "<group>";
		};
		60E78A7A294342F800655884 /* Products */ = {
			isa = PBXGroup;
			children = (
				60E78A79294342F800655884 /* Keypedia.app */,
				60E78A8A294342F900655884 /* KeypediaTests.xctest */,
				60E78A94294342F900655884 /* KeypediaUITests.xctest */,
			);
			name = Products;
			sourceTree = "<group>";
		};
		60E78A7B294342F800655884 /* Keypedia */ = {
			isa = PBXGroup;
			children = (
				60E78A7C294342F800655884 /* KeypediaApp.swift */,
				60E78A7E294342F800655884 /* ContentView.swift */,
				60E78A80294342F900655884 /* Assets.xcassets */,
				60E78A82294342F900655884 /* Keypedia.entitlements */,
				60E78A83294342F900655884 /* Preview Content */,
			);
			path = Keypedia;
			sourceTree = "<group>";
		};
		60E78A83294342F900655884 /* Preview Content */ = {
			isa = PBXGroup;
			children = (
				60E78A84294342F900655884 /* Preview Assets.xcassets */,
			);
			path = "Preview Content";
			sourceTree = "<group>";
		};
		60E78A8D294342F900655884 /* KeypediaTests */ = {
			isa = PBXGroup;
			children = (
				60E78A8E294342F900655884 /* KeypediaTests.swift */,
			);
			path = KeypediaTests;
			sourceTree = "<group>";
		};
		60E78A97294342F900655884 /* KeypediaUITests */ = {
			isa = PBXGroup;
			children = (
				60E78A98294342F900655884 /* KeypediaUITests.swift */,
				60E78A9A294342F900655884 /* KeypediaUITestsLaunchTests.swift */,
			);
			path = KeypediaUITests;
			sourceTree = "<group>";
		};
/* End PBXGroup section */

/* Begin PBXNativeTarget section */
		60E78A78294342F800655884 /* Keypedia */ = {
			isa = PBXNativeTarget;
			buildConfigurationList = 60E78A9E294342F900655884 /* Build configuration list for PBXNativeTarget "Keypedia" */;
			buildPhases = (
				60E78A75294342F800655884 /* Sources */,
				60E78A76294342F800655884 /* Frameworks */,
				60E78A77294342F800655884 /* Resources */,
			);
			buildRules = (
			);
			dependencies = (
			);
			name = Keypedia;
			productName = Keypedia;
			productReference = 60E78A79294342F800655884 /* Keypedia.app */;
			productType = "com.apple.product-type.application";
		};
		60E78A89294342F900655884 /* KeypediaTests */ = {
			isa = PBXNativeTarget;
			buildConfigurationList = 60E78AA1294342F900655884 /* Build configuration list for PBXNativeTarget "KeypediaTests" */;
			buildPhases = (
				60E78A86294342F900655884 /* Sources */,
				60E78A87294342F900655884 /* Frameworks */,
				60E78A88294342F900655884 /* Resources */,
			);
			buildRules = (
			);
			dependencies = (
				60E78A8C294342F900655884 /* PBXTargetDependency */,
			);
			name = KeypediaTests;
			productName = KeypediaTests;
			productReference = 60E78A8A294342F900655884 /* KeypediaTests.xctest */;
			productType = "com.apple.product-type.bundle.unit-test";
		};
		60E78A93294342F900655884 /* KeypediaUITests */ = {
			isa = PBXNativeTarget;
			buildConfigurationList = 60E78AA4294342F900655884 /* Build configuration list for PBXNativeTarget "KeypediaUITests" */;
			buildPhases = (
				60E78A90294342F900655884 /* Sources */,
				60E78A91294342F900655884 /* Frameworks */,
				60E78A92294342F900655884 /* Resources */,
			);
			buildRules = (
			);
			dependencies = (
				60E78A96294342F900655884 /* PBXTargetDependency */,
			);
			name = KeypediaUITests;
			productName = KeypediaUITests;
			productReference = 60E78A94294342F900655884 /* KeypediaUITests.xctest */;
			productType = "com.apple.product-type.bundle.ui-testing";
		};
/* End PBXNativeTarget section */

/* Begin PBXProject section */
		60E78A71294342F800655884 /* Project object */ = {
			isa = PBXProject;
			attributes = {
				BuildIndependentTargetsInParallel = 1;
				LastSwiftUpdateCheck = 1410;
				LastUpgradeCheck = 1410;
				TargetAttributes = {
					60E78A78294342F800655884 = {
						CreatedOnToolsVersion = 14.1;
					};
					60E78A89294342F900655884 = {
						CreatedOnToolsVersion = 14.1;
						TestTargetID = 60E78A78294342F800655884;
					};
					60E78A93294342F900655884 = {
						CreatedOnToolsVersion = 14.1;
						TestTargetID = 60E78A78294342F800655884;
					};
				};
			};
			buildConfigurationList = 60E78A74294342F800655884 /* Build configuration list for PBXProject "Keypedia" */;
			compatibilityVersion = "Xcode 14.0";
			developmentRegion = en;
			hasScannedForEncodings = 0;
			knownRegions = (
				en,
				Base,
			);
			mainGroup = 60E78A70294342F800655884;
			productRefGroup = 60E78A7A294342F800655884 /* Products */;
			projectDirPath = "";
			projectRoot = "";
			targets = (
				60E78A78294342F800655884 /* Keypedia */,
				60E78A89294342F900655884 /* KeypediaTests */,
				60E78A93294342F900655884 /* KeypediaUITests */,
			);
		};
/* End PBXProject section */

/* Begin PBXResourcesBuildPhase section */
		60E78A77294342F800655884 /* Resources */ = {
			isa = PBXResourcesBuildPhase;
			buildActionMask = 2147483647;
			files = (
				60E78A85294342F900655884 /* Preview Assets.xcassets in Resources */,
				60E78A81294342F900655884 /* Assets.xcassets in Resources */,
			);
			runOnlyForDeploymentPostprocessing = 0;
		};
		60E78A88294342F900655884 /* Resources */ = {
			isa = PBXResourcesBuildPhase;
			buildActionMask = 2147483647;
			files = (
			);
			runOnlyForDeploymentPostprocessing = 0;
		};
		60E78A92294342F900655884 /* Resources */ = {
			isa = PBXResourcesBuildPhase;
			buildActionMask = 2147483647;
			files = (
			);
			runOnlyForDeploymentPostprocessing = 0;
		};
/* End PBXResourcesBuildPhase section */

/* Begin PBXSourcesBuildPhase section */
		60E78A75294342F800655884 /* Sources */ = {
			isa = PBXSourcesBuildPhase;
			buildActionMask = 2147483647;
			files = (
				60E78A7F294342F800655884 /* ContentView.swift in Sources */,
				60E78A7D294342F800655884 /* KeypediaApp.swift in Sources */,
			);
			runOnlyForDeploymentPostprocessing = 0;
		};
		60E78A86294342F900655884 /* Sources */ = {
			isa = PBXSourcesBuildPhase;
			buildActionMask = 2147483647;
			files = (
				60E78A8F294342F900655884 /* KeypediaTests.swift in Sources */,
			);
			runOnlyForDeploymentPostprocessing = 0;
		};
		60E78A90294342F900655884 /* Sources */ = {
			isa = PBXSourcesBuildPhase;
			buildActionMask = 2147483647;
			files = (
				60E78A9B294342F900655884 /* KeypediaUITestsLaunchTests.swift in Sources */,
				60E78A99294342F900655884 /* KeypediaUITests.swift in Sources */,
			);
			runOnlyForDeploymentPostprocessing = 0;
		};
/* End PBXSourcesBuildPhase section */

/* Begin PBXTargetDependency section */
		60E78A8C294342F900655884 /* PBXTargetDependency */ = {
			isa = PBXTargetDependency;
			target = 60E78A78294342F800655884 /* Keypedia */;
			targetProxy = 60E78A8B294342F900655884 /* PBXContainerItemProxy */;
		};
		60E78A96294342F900655884 /* PBXTargetDependency */ = {
			isa = PBXTargetDependency;
			target = 60E78A78294342F800655884 /* Keypedia */;
			targetProxy = 60E78A95294342F900655884 /* PBXContainerItemProxy */;
		};
/* End PBXTargetDependency section */

/* Begin XCBuildConfiguration section */
		60E78A9C294342F900655884 /* Debug */ = {
			isa = XCBuildConfiguration;
			buildSettings = {
				ALWAYS_SEARCH_USER_PATHS = NO;
				CLANG_ANALYZER_NONNULL = YES;
				CLANG_ANALYZER_NUMBER_OBJECT_CONVERSION = YES_AGGRESSIVE;
				CLANG_CXX_LANGUAGE_STANDARD = "gnu++20";
				CLANG_ENABLE_MODULES = YES;
				CLANG_ENABLE_OBJC_ARC = YES;
				CLANG_ENABLE_OBJC_WEAK = YES;
				CLANG_WARN_BLOCK_CAPTURE_AUTORELEASING = YES;
				CLANG_WARN_BOOL_CONVERSION = YES;
				CLANG_WARN_COMMA = YES;
				CLANG_WARN_CONSTANT_CONVERSION = YES;
				CLANG_WARN_DEPRECATED_OBJC_IMPLEMENTATIONS = YES;
				CLANG_WARN_DIRECT_OBJC_ISA_USAGE = YES_ERROR;
				CLANG_WARN_DOCUMENTATION_COMMENTS = YES;
				CLANG_WARN_EMPTY_BODY = YES;
				CLANG_WARN_ENUM_CONVERSION = YES;
				CLANG_WARN_INFINITE_RECURSION = YES;
				CLANG_WARN_INT_CONVERSION = YES;
				CLANG_WARN_NON_LITERAL_NULL_CONVERSION = YES;
				CLANG_WARN_OBJC_IMPLICIT_RETAIN_SELF = YES;
				CLANG_WARN_OBJC_LITERAL_CONVERSION = YES;
				CLANG_WARN_OBJC_ROOT_CLASS = YES_ERROR;
				CLANG_WARN_QUOTED_INCLUDE_IN_FRAMEWORK_HEADER = YES;
				CLANG_WARN_RANGE_LOOP_ANALYSIS = YES;
				CLANG_WARN_STRICT_PROTOTYPES = YES;
				CLANG_WARN_SUSPICIOUS_MOVE = YES;
				CLANG_WARN_UNGUARDED_AVAILABILITY = YES_AGGRESSIVE;
				CLANG_WARN_UNREACHABLE_CODE = YES;
				CLANG_WARN__DUPLICATE_METHOD_MATCH = YES;
				COPY_PHASE_STRIP = NO;
				DEBUG_INFORMATION_FORMAT = dwarf;
				ENABLE_STRICT_OBJC_MSGSEND = YES;
				ENABLE_TESTABILITY = YES;
				GCC_C_LANGUAGE_STANDARD = gnu11;
				GCC_DYNAMIC_NO_PIC = NO;
				GCC_NO_COMMON_BLOCKS = YES;
				GCC_OPTIMIZATION_LEVEL = 0;
				GCC_PREPROCESSOR_DEFINITIONS = (
					"DEBUG=1",
					"$(inherited)",
				);
				GCC_WARN_64_TO_32_BIT_CONVERSION = YES;
				GCC_WARN_ABOUT_RETURN_TYPE = YES_ERROR;
				GCC_WARN_UNDECLARED_SELECTOR = YES;
				GCC_WARN_UNINITIALIZED_AUTOS = YES_AGGRESSIVE;
				GCC_WARN_UNUSED_FUNCTION = YES;
				GCC_WARN_UNUSED_VARIABLE = YES;
				MTL_ENABLE_DEBUG_INFO = INCLUDE_SOURCE;
				MTL_FAST_MATH = YES;
				ONLY_ACTIVE_ARCH = YES;
				SWIFT_ACTIVE_COMPILATION_CONDITIONS = DEBUG;
				SWIFT_OPTIMIZATION_LEVEL = "-Onone";
			};
			name = Debug;
		};
		60E78A9D294342F900655884 /* Release */ = {
			isa = XCBuildConfiguration;
			buildSettings = {
				ALWAYS_SEARCH_USER_PATHS = NO;
				CLANG_ANALYZER_NONNULL = YES;
				CLANG_ANALYZER_NUMBER_OBJECT_CONVERSION = YES_AGGRESSIVE;
				CLANG_CXX_LANGUAGE_STANDARD = "gnu++20";
				CLANG_ENABLE_MODULES = YES;
				CLANG_ENABLE_OBJC_ARC = YES;
				CLANG_ENABLE_OBJC_WEAK = YES;
				CLANG_WARN_BLOCK_CAPTURE_AUTORELEASING = YES;
				CLANG_WARN_BOOL_CONVERSION = YES;
				CLANG_WARN_COMMA = YES;
				CLANG_WARN_CONSTANT_CONVERSION = YES;
				CLANG_WARN_DEPRECATED_OBJC_IMPLEMENTATIONS = YES;
				CLANG_WARN_DIRECT_OBJC_ISA_USAGE = YES_ERROR;
				CLANG_WARN_DOCUMENTATION_COMMENTS = YES;
				CLANG_WARN_EMPTY_BODY = YES;
				CLANG_WARN_ENUM_CONVERSION = YES;
				CLANG_WARN_INFINITE_RECURSION = YES;
				CLANG_WARN_INT_CONVERSION = YES;
				CLANG_WARN_NON_LITERAL_NULL_CONVERSION = YES;
				CLANG_WARN_OBJC_IMPLICIT_RETAIN_SELF = YES;
				CLANG_WARN_OBJC_LITERAL_CONVERSION = YES;
				CLANG_WARN_OBJC_ROOT_CLASS = YES_ERROR;
				CLANG_WARN_QUOTED_INCLUDE_IN_FRAMEWORK_HEADER = YES;
				CLANG_WARN_RANGE_LOOP_ANALYSIS = YES;
				CLANG_WARN_STRICT_PROTOTYPES = YES;
				CLANG_WARN_SUSPICIOUS_MOVE = YES;
				CLANG_WARN_UNGUARDED_AVAILABILITY = YES_AGGRESSIVE;
				CLANG_WARN_UNREACHABLE_CODE = YES;
				CLANG_WARN__DUPLICATE_METHOD_MATCH = YES;
				COPY_PHASE_STRIP = NO;
				DEBUG_INFORMATION_FORMAT = "dwarf-with-dsym";
				ENABLE_NS_ASSERTIONS = NO;
				ENABLE_STRICT_OBJC_MSGSEND = YES;
				GCC_C_LANGUAGE_STANDARD = gnu11;
				GCC_NO_COMMON_BLOCKS = YES;
				GCC_WARN_64_TO_32_BIT_CONVERSION = YES;
				GCC_WARN_ABOUT_RETURN_TYPE = YES_ERROR;
				GCC_WARN_UNDECLARED_SELECTOR = YES;
				GCC_WARN_UNINITIALIZED_AUTOS = YES_AGGRESSIVE;
				GCC_WARN_UNUSED_FUNCTION = YES;
				GCC_WARN_UNUSED_VARIABLE = YES;
				MTL_ENABLE_DEBUG_INFO = NO;
				MTL_FAST_MATH = YES;
				SWIFT_COMPILATION_MODE = wholemodule;
				SWIFT_OPTIMIZATION_LEVEL = "-O";
			};
			name = Release;
		};
		60E78A9F294342F900655884 /* Debug */ = {
			isa = XCBuildConfiguration;
			buildSettings = {
				ASSETCATALOG_COMPILER_APPICON_NAME = AppIcon;
				ASSETCATALOG_COMPILER_GLOBAL_ACCENT_COLOR_NAME = AccentColor;
				CODE_SIGN_ENTITLEMENTS = Keypedia/Keypedia.entitlements;
				CODE_SIGN_STYLE = Automatic;
				CURRENT_PROJECT_VERSION = 1;
				DEVELOPMENT_ASSET_PATHS = "\"Keypedia/Preview Content\"";
				DEVELOPMENT_TEAM = Q8Q4RHHMN7;
				ENABLE_HARDENED_RUNTIME = YES;
				ENABLE_PREVIEWS = YES;
				GENERATE_INFOPLIST_FILE = YES;
				"INFOPLIST_KEY_UIApplicationSceneManifest_Generation[sdk=iphoneos*]" = YES;
				"INFOPLIST_KEY_UIApplicationSceneManifest_Generation[sdk=iphonesimulator*]" = YES;
				"INFOPLIST_KEY_UIApplicationSupportsIndirectInputEvents[sdk=iphoneos*]" = YES;
				"INFOPLIST_KEY_UIApplicationSupportsIndirectInputEvents[sdk=iphonesimulator*]" = YES;
				"INFOPLIST_KEY_UILaunchScreen_Generation[sdk=iphoneos*]" = YES;
				"INFOPLIST_KEY_UILaunchScreen_Generation[sdk=iphonesimulator*]" = YES;
				"INFOPLIST_KEY_UIStatusBarStyle[sdk=iphoneos*]" = UIStatusBarStyleDefault;
				"INFOPLIST_KEY_UIStatusBarStyle[sdk=iphonesimulator*]" = UIStatusBarStyleDefault;
				INFOPLIST_KEY_UISupportedInterfaceOrientations_iPad = "UIInterfaceOrientationPortrait UIInterfaceOrientationPortraitUpsideDown UIInterfaceOrientationLandscapeLeft UIInterfaceOrientationLandscapeRight";
				INFOPLIST_KEY_UISupportedInterfaceOrientations_iPhone = "UIInterfaceOrientationPortrait UIInterfaceOrientationLandscapeLeft UIInterfaceOrientationLandscapeRight";
				IPHONEOS_DEPLOYMENT_TARGET = 16.1;
				LD_RUNPATH_SEARCH_PATHS = "@executable_path/Frameworks";
				"LD_RUNPATH_SEARCH_PATHS[sdk=macosx*]" = "@executable_path/../Frameworks";
				MACOSX_DEPLOYMENT_TARGET = 13.0;
				MARKETING_VERSION = 1.0;
				PRODUCT_BUNDLE_IDENTIFIER = net.tekbyte.Keypedia;
				PRODUCT_NAME = "$(TARGET_NAME)";
				SDKROOT = auto;
				SUPPORTED_PLATFORMS = "iphoneos iphonesimulator macosx";
				SWIFT_EMIT_LOC_STRINGS = YES;
				SWIFT_VERSION = 5.0;
				TARGETED_DEVICE_FAMILY = "1,2";
			};
			name = Debug;
		};
		60E78AA0294342F900655884 /* Release */ = {
			isa = XCBuildConfiguration;
			buildSettings = {
				ASSETCATALOG_COMPILER_APPICON_NAME = AppIcon;
				ASSETCATALOG_COMPILER_GLOBAL_ACCENT_COLOR_NAME = AccentColor;
				CODE_SIGN_ENTITLEMENTS = Keypedia/Keypedia.entitlements;
				CODE_SIGN_STYLE = Automatic;
				CURRENT_PROJECT_VERSION = 1;
				DEVELOPMENT_ASSET_PATHS = "\"Keypedia/Preview Content\"";
				DEVELOPMENT_TEAM = Q8Q4RHHMN7;
				ENABLE_HARDENED_RUNTIME = YES;
				ENABLE_PREVIEWS = YES;
				GENERATE_INFOPLIST_FILE = YES;
				"INFOPLIST_KEY_UIApplicationSceneManifest_Generation[sdk=iphoneos*]" = YES;
				"INFOPLIST_KEY_UIApplicationSceneManifest_Generation[sdk=iphonesimulator*]" = YES;
				"INFOPLIST_KEY_UIApplicationSupportsIndirectInputEvents[sdk=iphoneos*]" = YES;
				"INFOPLIST_KEY_UIApplicationSupportsIndirectInputEvents[sdk=iphonesimulator*]" = YES;
				"INFOPLIST_KEY_UILaunchScreen_Generation[sdk=iphoneos*]" = YES;
				"INFOPLIST_KEY_UILaunchScreen_Generation[sdk=iphonesimulator*]" = YES;
				"INFOPLIST_KEY_UIStatusBarStyle[sdk=iphoneos*]" = UIStatusBarStyleDefault;
				"INFOPLIST_KEY_UIStatusBarStyle[sdk=iphonesimulator*]" = UIStatusBarStyleDefault;
				INFOPLIST_KEY_UISupportedInterfaceOrientations_iPad = "UIInterfaceOrientationPortrait UIInterfaceOrientationPortraitUpsideDown UIInterfaceOrientationLandscapeLeft UIInterfaceOrientationLandscapeRight";
				INFOPLIST_KEY_UISupportedInterfaceOrientations_iPhone = "UIInterfaceOrientationPortrait UIInterfaceOrientationLandscapeLeft UIInterfaceOrientationLandscapeRight";
				IPHONEOS_DEPLOYMENT_TARGET = 16.1;
				LD_RUNPATH_SEARCH_PATHS = "@executable_path/Frameworks";
				"LD_RUNPATH_SEARCH_PATHS[sdk=macosx*]" = "@executable_path/../Frameworks";
				MACOSX_DEPLOYMENT_TARGET = 13.0;
				MARKETING_VERSION = 1.0;
				PRODUCT_BUNDLE_IDENTIFIER = net.tekbyte.Keypedia;
				PRODUCT_NAME = "$(TARGET_NAME)";
				SDKROOT = auto;
				SUPPORTED_PLATFORMS = "iphoneos iphonesimulator macosx";
				SWIFT_EMIT_LOC_STRINGS = YES;
				SWIFT_VERSION = 5.0;
				TARGETED_DEVICE_FAMILY = "1,2";
			};
			name = Release;
		};
		60E78AA2294342F900655884 /* Debug */ = {
			isa = XCBuildConfiguration;
			buildSettings = {
				ALWAYS_EMBED_SWIFT_STANDARD_LIBRARIES = YES;
				BUNDLE_LOADER = "$(TEST_HOST)";
				CODE_SIGN_STYLE = Automatic;
				CURRENT_PROJECT_VERSION = 1;
				DEVELOPMENT_TEAM = Q8Q4RHHMN7;
				GENERATE_INFOPLIST_FILE = YES;
				IPHONEOS_DEPLOYMENT_TARGET = 16.1;
				MACOSX_DEPLOYMENT_TARGET = 13.0;
				MARKETING_VERSION = 1.0;
				PRODUCT_BUNDLE_IDENTIFIER = net.tekbyte.KeypediaTests;
				PRODUCT_NAME = "$(TARGET_NAME)";
				SDKROOT = auto;
				SUPPORTED_PLATFORMS = "iphoneos iphonesimulator macosx";
				SWIFT_EMIT_LOC_STRINGS = NO;
				SWIFT_VERSION = 5.0;
				TARGETED_DEVICE_FAMILY = "1,2";
				TEST_HOST = "$(BUILT_PRODUCTS_DIR)/Keypedia.app/$(BUNDLE_EXECUTABLE_FOLDER_PATH)/Keypedia";
			};
			name = Debug;
		};
		60E78AA3294342F900655884 /* Release */ = {
			isa = XCBuildConfiguration;
			buildSettings = {
				ALWAYS_EMBED_SWIFT_STANDARD_LIBRARIES = YES;
				BUNDLE_LOADER = "$(TEST_HOST)";
				CODE_SIGN_STYLE = Automatic;
				CURRENT_PROJECT_VERSION = 1;
				DEVELOPMENT_TEAM = Q8Q4RHHMN7;
				GENERATE_INFOPLIST_FILE = YES;
				IPHONEOS_DEPLOYMENT_TARGET = 16.1;
				MACOSX_DEPLOYMENT_TARGET = 13.0;
				MARKETING_VERSION = 1.0;
				PRODUCT_BUNDLE_IDENTIFIER = net.tekbyte.KeypediaTests;
				PRODUCT_NAME = "$(TARGET_NAME)";
				SDKROOT = auto;
				SUPPORTED_PLATFORMS = "iphoneos iphonesimulator macosx";
				SWIFT_EMIT_LOC_STRINGS = NO;
				SWIFT_VERSION = 5.0;
				TARGETED_DEVICE_FAMILY = "1,2";
				TEST_HOST = "$(BUILT_PRODUCTS_DIR)/Keypedia.app/$(BUNDLE_EXECUTABLE_FOLDER_PATH)/Keypedia";
			};
			name = Release;
		};
		60E78AA5294342F900655884 /* Debug */ = {
			isa = XCBuildConfiguration;
			buildSettings = {
				ALWAYS_EMBED_SWIFT_STANDARD_LIBRARIES = YES;
				CODE_SIGN_STYLE = Automatic;
				CURRENT_PROJECT_VERSION = 1;
				DEVELOPMENT_TEAM = Q8Q4RHHMN7;
				GENERATE_INFOPLIST_FILE = YES;
				IPHONEOS_DEPLOYMENT_TARGET = 16.1;
				MACOSX_DEPLOYMENT_TARGET = 13.0;
				MARKETING_VERSION = 1.0;
				PRODUCT_BUNDLE_IDENTIFIER = net.tekbyte.KeypediaUITests;
				PRODUCT_NAME = "$(TARGET_NAME)";
				SDKROOT = auto;
				SUPPORTED_PLATFORMS = "iphoneos iphonesimulator macosx";
				SWIFT_EMIT_LOC_STRINGS = NO;
				SWIFT_VERSION = 5.0;
				TARGETED_DEVICE_FAMILY = "1,2";
				TEST_TARGET_NAME = Keypedia;
			};
			name = Debug;
		};
		60E78AA6294342F900655884 /* Release */ = {
			isa = XCBuildConfiguration;
			buildSettings = {
				ALWAYS_EMBED_SWIFT_STANDARD_LIBRARIES = YES;
				CODE_SIGN_STYLE = Automatic;
				CURRENT_PROJECT_VERSION = 1;
				DEVELOPMENT_TEAM = Q8Q4RHHMN7;
				GENERATE_INFOPLIST_FILE = YES;
				IPHONEOS_DEPLOYMENT_TARGET = 16.1;
				MACOSX_DEPLOYMENT_TARGET = 13.0;
				MARKETING_VERSION = 1.0;
				PRODUCT_BUNDLE_IDENTIFIER = net.tekbyte.KeypediaUITests;
				PRODUCT_NAME = "$(TARGET_NAME)";
				SDKROOT = auto;
				SUPPORTED_PLATFORMS = "iphoneos iphonesimulator macosx";
				SWIFT_EMIT_LOC_STRINGS = NO;
				SWIFT_VERSION = 5.0;
				TARGETED_DEVICE_FAMILY = "1,2";
				TEST_TARGET_NAME = Keypedia;
			};
			name = Release;
		};
/* End XCBuildConfiguration section */

/* Begin XCConfigurationList section */
		60E78A74294342F800655884 /* Build configuration list for PBXProject "Keypedia" */ = {
			isa = XCConfigurationList;
			buildConfigurations = (
				60E78A9C294342F900655884 /* Debug */,
				60E78A9D294342F900655884 /* Release */,
			);
			defaultConfigurationIsVisible = 0;
			defaultConfigurationName = Release;
		};
		60E78A9E294342F900655884 /* Build configuration list for PBXNativeTarget "Keypedia" */ = {
			isa = XCConfigurationList;
			buildConfigurations = (
				60E78A9F294342F900655884 /* Debug */,
				60E78AA0294342F900655884 /* Release */,
			);
			defaultConfigurationIsVisible = 0;
			defaultConfigurationName = Release;
		};
		60E78AA1294342F900655884 /* Build configuration list for PBXNativeTarget "KeypediaTests" */ = {
			isa = XCConfigurationList;
			buildConfigurations = (
				60E78AA2294342F900655884 /* Debug */,
				60E78AA3294342F900655884 /* Release */,
			);
			defaultConfigurationIsVisible = 0;
			defaultConfigurationName = Release;
		};
		60E78AA4294342F900655884 /* Build configuration list for PBXNativeTarget "KeypediaUITests" */ = {
			isa = XCConfigurationList;
			buildConfigurations = (
				60E78AA5294342F900655884 /* Debug */,
				60E78AA6294342F900655884 /* Release */,
			);
			defaultConfigurationIsVisible = 0;
			defaultConfigurationName = Release;
		};
/* End XCConfigurationList section */
	};
	rootObject = 60E78A71294342F800655884 /* Project object */;
}
